
Microsoft Visual Studio Solution File, Format Version 11.00
# Visual Studio 2010
# SharpDevelop 5.1
Project("{FAE04EC0-301F-11D3-BF4B-00C04F79EFBC}") = "HolaMundo_SNCF", "HolaMundo_SNCF\HolaMundo_SNCF.csproj", "{A36C9C36-D704-46B0-BF5D-D723DCD1FFDE}"
EndProject
Global
	GlobalSection(SolutionConfigurationPlatforms) = preSolution
		Debug|Any CPU = Debug|Any CPU
		Release|Any CPU = Release|Any CPU
	EndGlobalSection
	GlobalSection(ProjectConfigurationPlatforms) = postSolution
		{A36C9C36-D704-46B0-BF5D-D723DCD1FFDE}.Debug|Any CPU.ActiveCfg = Debug|Any CPU
		{A36C9C36-D704-46B0-BF5D-D723DCD1FFDE}.Debug|Any CPU.Build.0 = Debug|Any CPU
		{A36C9C36-D704-46B0-BF5D-D723DCD1FFDE}.Release|Any CPU.ActiveCfg = Release|Any CPU
		{A36C9C36-D704-46B0-BF5D-D723DCD1FFDE}.Release|Any CPU.Build.0 = Release|Any CPU
	EndGlobalSection
EndGlobal
